{
  "name": "as-soroban-sdk",
  "version": "0.0.1",
  "lockfileVersion": 2,
  "requires": true,
  "packages": {
    "": {
      "name": "as-soroban-sdk",
      "version": "0.0.1",
      "license": "Apache-2.0",
      "dependencies": {
        "js-xdr": "^1.1.3"
      },
      "devDependencies": {
        "@types/node": "^18.11.0",
        "assemblyscript": "^0.21.4"
      }
    },
    "node_modules/@types/node": {
      "version": "18.11.0",
      "resolved": "https://registry.npmjs.org/@types/node/-/node-18.11.0.tgz",
      "integrity": "sha512-IOXCvVRToe7e0ny7HpT/X9Rb2RYtElG1a+VshjwT00HxrM2dWBApHQoqsI6WiY7Q03vdf2bCrIGzVrkF/5t10w==",
      "dev": true
    },
    "node_modules/assemblyscript": {
      "version": "0.21.4",
      "resolved": "https://registry.npmjs.org/assemblyscript/-/assemblyscript-0.21.4.tgz",
      "integrity": "sha512-MGllYvPGFcxYy8R2k6dl7hTuDJ/ZodQBKv1cYwiAh6r4/K+xVVRJ8lzlfN3ajly6uYS4yKnx4X9cQn6DYCYBKw==",
      "dev": true,
      "dependencies": {
        "binaryen": "110.0.0-nightly.20220924",
        "long": "^5.2.0"
      },
      "bin": {
        "asc": "bin/asc.js",
        "asinit": "bin/asinit.js"
      },
      "engines": {
        "node": ">=16.0.0",
        "npm": ">=7.0.0"
      },
      "funding": {
        "type": "opencollective",
        "url": "https://opencollective.com/assemblyscript"
      }
    },
    "node_modules/binaryen": {
      "version": "110.0.0-nightly.20220924",
      "resolved": "https://registry.npmjs.org/binaryen/-/binaryen-110.0.0-nightly.20220924.tgz",
      "integrity": "sha512-zXHeJDpmBw4HNRUPTvdXo8p5U47ARb6nWbxmFk/R+HAeWLbd18UxtG1XWf2fQaOJzLYlrI7gURyjdAHz8x8IHw==",
      "dev": true,
      "bin": {
        "wasm-opt": "bin/wasm-opt",
        "wasm2js": "bin/wasm2js"
      }
    },
    "node_modules/js-xdr": {
      "version": "1.3.0",
      "resolved": "https://registry.npmjs.org/js-xdr/-/js-xdr-1.3.0.tgz",
      "integrity": "sha512-fjLTm2uBtFvWsE3l2J14VjTuuB8vJfeTtYuNS7LiLHDWIX2kt0l1pqq9334F8kODUkKPMuULjEcbGbkFFwhx5g==",
      "dependencies": {
        "lodash": "^4.17.5",
        "long": "^2.2.3"
      }
    },
    "node_modules/js-xdr/node_modules/long": {
      "version": "2.4.0",
      "resolved": "https://registry.npmjs.org/long/-/long-2.4.0.tgz",
      "integrity": "sha512-ijUtjmO/n2A5PaosNG9ZGDsQ3vxJg7ZW8vsY8Kp0f2yIZWhSJvjmegV7t+9RPQKxKrvj8yKGehhS+po14hPLGQ==",
      "engines": {
        "node": ">=0.6"
      }
    },
    "node_modules/lodash": {
      "version": "4.17.21",
      "resolved": "https://registry.npmjs.org/lodash/-/lodash-4.17.21.tgz",
      "integrity": "sha512-v2kDEe57lecTulaDIuNTPy3Ry4gLGJ6Z1O3vE1krgXZNrsQ+LFTGHVxVjcXPs17LhbZVGedAJv8XZ1tvj5FvSg=="
    },
    "node_modules/long": {
      "version": "5.2.0",
      "resolved": "https://registry.npmjs.org/long/-/long-5.2.0.tgz",
      "integrity": "sha512-9RTUNjK60eJbx3uz+TEGF7fUr29ZDxR5QzXcyDpeSfeH28S9ycINflOgOlppit5U+4kNTe83KQnMEerw7GmE8w==",
      "dev": true
    }
  },
  "dependencies": {
    "@types/node": {
      "version": "18.11.0",
      "resolved": "https://registry.npmjs.org/@types/node/-/node-18.11.0.tgz",
      "integrity": "sha512-IOXCvVRToe7e0ny7HpT/X9Rb2RYtElG1a+VshjwT00HxrM2dWBApHQoqsI6WiY7Q03vdf2bCrIGzVrkF/5t10w==",
      "dev": true
    },
    "assemblyscript": {
      "version": "0.21.4",
      "resolved": "https://registry.npmjs.org/assemblyscript/-/assemblyscript-0.21.4.tgz",
      "integrity": "sha512-MGllYvPGFcxYy8R2k6dl7hTuDJ/ZodQBKv1cYwiAh6r4/K+xVVRJ8lzlfN3ajly6uYS4yKnx4X9cQn6DYCYBKw==",
      "dev": true,
      "requires": {
        "binaryen": "110.0.0-nightly.20220924",
        "long": "^5.2.0"
      }
    },
    "binaryen": {
      "version": "110.0.0-nightly.20220924",
      "resolved": "https://registry.npmjs.org/binaryen/-/binaryen-110.0.0-nightly.20220924.tgz",
      "integrity": "sha512-zXHeJDpmBw4HNRUPTvdXo8p5U47ARb6nWbxmFk/R+HAeWLbd18UxtG1XWf2fQaOJzLYlrI7gURyjdAHz8x8IHw==",
      "dev": true
    },
    "js-xdr": {
      "version": "1.3.0",
      "resolved": "https://registry.npmjs.org/js-xdr/-/js-xdr-1.3.0.tgz",
      "integrity": "sha512-fjLTm2uBtFvWsE3l2J14VjTuuB8vJfeTtYuNS7LiLHDWIX2kt0l1pqq9334F8kODUkKPMuULjEcbGbkFFwhx5g==",
      "requires": {
        "lodash": "^4.17.5",
        "long": "^2.2.3"
      },
      "dependencies": {
        "long": {
          "version": "2.4.0",
          "resolved": "https://registry.npmjs.org/long/-/long-2.4.0.tgz",
          "integrity": "sha512-ijUtjmO/n2A5PaosNG9ZGDsQ3vxJg7ZW8vsY8Kp0f2yIZWhSJvjmegV7t+9RPQKxKrvj8yKGehhS+po14hPLGQ=="
        }
      }
    },
    "lodash": {
      "version": "4.17.21",
      "resolved": "https://registry.npmjs.org/lodash/-/lodash-4.17.21.tgz",
      "integrity": "sha512-v2kDEe57lecTulaDIuNTPy3Ry4gLGJ6Z1O3vE1krgXZNrsQ+LFTGHVxVjcXPs17LhbZVGedAJv8XZ1tvj5FvSg=="
    },
    "long": {
      "version": "5.2.0",
      "resolved": "https://registry.npmjs.org/long/-/long-5.2.0.tgz",
      "integrity": "sha512-9RTUNjK60eJbx3uz+TEGF7fUr29ZDxR5QzXcyDpeSfeH28S9ycINflOgOlppit5U+4kNTe83KQnMEerw7GmE8w==",
      "dev": true
    }
  }
}
